
Microsoft Visual Studio Solution File, Format Version 12.00
# Visual Studio Version 16
VisualStudioVersion = 16.0.30320.27
MinimumVisualStudioVersion = 10.0.40219.1
Project("{FAE04EC0-301F-11D3-BF4B-00C04F79EFBC}") = "ADO.net", "ADO.net\ADO.net.csproj", "{921DE965-7A8C-41EB-981B-5D808A1FF11A}"
EndProject
Global
	GlobalSection(SolutionConfigurationPlatforms) = preSolution
		Debug|Any CPU = Debug|Any CPU
		Release|Any CPU = Release|Any CPU
	EndGlobalSection
	GlobalSection(ProjectConfigurationPlatforms) = postSolution
		{921DE965-7A8C-41EB-981B-5D808A1FF11A}.Debug|Any CPU.ActiveCfg = Debug|Any CPU
		{921DE965-7A8C-41EB-981B-5D808A1FF11A}.Debug|Any CPU.Build.0 = Debug|Any CPU
		{921DE965-7A8C-41EB-981B-5D808A1FF11A}.Release|Any CPU.ActiveCfg = Release|Any CPU
		{921DE965-7A8C-41EB-981B-5D808A1FF11A}.Release|Any CPU.Build.0 = Release|Any CPU
	EndGlobalSection
	GlobalSection(SolutionProperties) = preSolution
		HideSolutionNode = FALSE
	EndGlobalSection
	GlobalSection(ExtensibilityGlobals) = postSolution
		SolutionGuid = {BC18729D-0A69-4190-97E4-2C2E5E008FDB}
	EndGlobalSection
EndGlobal
